
Microsoft Visual Studio Solution File, Format Version 12.00
# Visual Studio Version 16
VisualStudioVersion = 16.0.30907.101
MinimumVisualStudioVersion = 10.0.40219.1
Project("{FAE04EC0-301F-11D3-BF4B-00C04F79EFBC}") = "WhiteBoxTesting", "WhiteBoxTesting.csproj", "{69C78020-123E-42C1-A6A8-71A60018497D}"
EndProject
Global
	GlobalSection(SolutionConfigurationPlatforms) = preSolution
		Debug|Any CPU = Debug|Any CPU
		Release|Any CPU = Release|Any CPU
	EndGlobalSection
	GlobalSection(ProjectConfigurationPlatforms) = postSolution
		{69C78020-123E-42C1-A6A8-71A60018497D}.Debug|Any CPU.ActiveCfg = Debug|Any CPU
		{69C78020-123E-42C1-A6A8-71A60018497D}.Debug|Any CPU.Build.0 = Debug|Any CPU
		{69C78020-123E-42C1-A6A8-71A60018497D}.Release|Any CPU.ActiveCfg = Release|Any CPU
		{69C78020-123E-42C1-A6A8-71A60018497D}.Release|Any CPU.Build.0 = Release|Any CPU
	EndGlobalSection
	GlobalSection(SolutionProperties) = preSolution
		HideSolutionNode = FALSE
	EndGlobalSection
	GlobalSection(ExtensibilityGlobals) = postSolution
		SolutionGuid = {5FAA2AC2-9C32-4189-8D07-3DE30FA96308}
	EndGlobalSection
EndGlobal
